// !$*UTF8*$!
{
	archiveVersion = 1;
	classes = {
	};
	objectVersion = 50;
	objects = {

/* Begin PBXBuildFile section */
		F3BD4D6525CB48780068F211 /* Lab4App.swift in Sources */ = {isa = PBXBuildFile; fileRef = F3BD4D6425CB48780068F211 /* Lab4App.swift */; };
		F3BD4D6725CB48780068F211 /* ContentView.swift in Sources */ = {isa = PBXBuildFile; fileRef = F3BD4D6625CB48780068F211 /* ContentView.swift */; };
		F3BD4D6925CB48790068F211 /* Assets.xcassets in Resources */ = {isa = PBXBuildFile; fileRef = F3BD4D6825CB48790068F211 /* Assets.xcassets */; };
		F3BD4D6C25CB48790068F211 /* Preview Assets.xcassets in Resources */ = {isa = PBXBuildFile; fileRef = F3BD4D6B25CB48790068F211 /* Preview Assets.xcassets */; };
		F3BD4D7725CB48790068F211 /* Lab4Tests.swift in Sources */ = {isa = PBXBuildFile; fileRef = F3BD4D7625CB48790068F211 /* Lab4Tests.swift */; };
		F3BD4D8225CB48790068F211 /* Lab4UITests.swift in Sources */ = {isa = PBXBuildFile; fileRef = F3BD4D8125CB48790068F211 /* Lab4UITests.swift */; };
/* End PBXBuildFile section */

/* Begin PBXContainerItemProxy section */
		F3BD4D7325CB48790068F211 /* PBXContainerItemProxy */ = {
			isa = PBXContainerItemProxy;
			containerPortal = F3BD4D5925CB48780068F211 /* Project object */;
			proxyType = 1;
			remoteGlobalIDString = F3BD4D6025CB48780068F211;
			remoteInfo = Lab4;
		};
		F3BD4D7E25CB48790068F211 /* PBXContainerItemProxy */ = {
			isa = PBXContainerItemProxy;
			containerPortal = F3BD4D5925CB48780068F211 /* Project object */;
			proxyType = 1;
			remoteGlobalIDString = F3BD4D6025CB48780068F211;
			remoteInfo = Lab4;
		};
/* End PBXContainerItemProxy section */

/* Begin PBXFileReference section */
		F3BD4D6125CB48780068F211 /* Lab4.app */ = {isa = PBXFileReference; explicitFileType = wrapper.application; includeInIndex = 0; path = Lab4.app; sourceTree = BUILT_PRODUCTS_DIR; };
		F3BD4D6425CB48780068F211 /* Lab4App.swift */ = {isa = PBXFileReference; lastKnownFileType = sourcecode.swift; path = Lab4App.swift; sourceTree = "<group>"; };
		F3BD4D6625CB48780068F211 /* ContentView.swift */ = {isa = PBXFileReference; lastKnownFileType = sourcecode.swift; path = ContentView.swift; sourceTree = "<group>"; };
		F3BD4D6825CB48790068F211 /* Assets.xcassets */ = {isa = PBXFileReference; lastKnownFileType = folder.assetcatalog; path = Assets.xcassets; sourceTree = "<group>"; };
		F3BD4D6B25CB48790068F211 /* Preview Assets.xcassets */ = {isa = PBXFileReference; lastKnownFileType = folder.assetcatalog; path = "Preview Assets.xcassets"; sourceTree = "<group>"; };
		F3BD4D6D25CB48790068F211 /* Info.plist */ = {isa = PBXFileReference; lastKnownFileType = text.plist.xml; path = Info.plist; sourceTree = "<group>"; };
		F3BD4D7225CB48790068F211 /* Lab4Tests.xctest */ = {isa = PBXFileReference; explicitFileType = wrapper.cfbundle; includeInIndex = 0; path = Lab4Tests.xctest; sourceTree = BUILT_PRODUCTS_DIR; };
		F3BD4D7625CB48790068F211 /* Lab4Tests.swift */ = {isa = PBXFileReference; lastKnownFileType = sourcecode.swift; path = Lab4Tests.swift; sourceTree = "<group>"; };
		F3BD4D7825CB48790068F211 /* Info.plist */ = {isa = PBXFileReference; lastKnownFileType = text.plist.xml; path = Info.plist; sourceTree = "<group>"; };
		F3BD4D7D25CB48790068F211 /* Lab4UITests.xctest */ = {isa = PBXFileReference; explicitFileType = wrapper.cfbundle; includeInIndex = 0; path = Lab4UITests.xctest; sourceTree = BUILT_PRODUCTS_DIR; };
		F3BD4D8125CB48790068F211 /* Lab4UITests.swift */ = {isa = PBXFileReference; lastKnownFileType = sourcecode.swift; path = Lab4UITests.swift; sourceTree = "<group>"; };
		F3BD4D8325CB48790068F211 /* Info.plist */ = {isa = PBXFileReference; lastKnownFileType = text.plist.xml; path = Info.plist; sourceTree = "<group>"; };
/* End PBXFileReference section */

/* Begin PBXFrameworksBuildPhase section */
		F3BD4D5E25CB48780068F211 /* Frameworks */ = {
			isa = PBXFrameworksBuildPhase;
			buildActionMask = 2147483647;
			files = (
			);
			runOnlyForDeploymentPostprocessing = 0;
		};
		F3BD4D6F25CB48790068F211 /* Frameworks */ = {
			isa = PBXFrameworksBuildPhase;
			buildActionMask = 2147483647;
			files = (
			);
			runOnlyForDeploymentPostprocessing = 0;
		};
		F3BD4D7A25CB48790068F211 /* Frameworks */ = {
			isa = PBXFrameworksBuildPhase;
			buildActionMask = 2147483647;
			files = (
			);
			runOnlyForDeploymentPostprocessing = 0;
		};
/* End PBXFrameworksBuildPhase section */

/* Begin PBXGroup section */
		F3BD4D5825CB48780068F211 = {
			isa = PBXGroup;
			children = (
				F3BD4D6325CB48780068F211 /* Lab4 */,
				F3BD4D7525CB48790068F211 /* Lab4Tests */,
				F3BD4D8025CB48790068F211 /* Lab4UITests */,
				F3BD4D6225CB48780068F211 /* Products */,
			);
			sourceTree = "<group>";
		};
		F3BD4D6225CB48780068F211 /* Products */ = {
			isa = PBXGroup;
			children = (
				F3BD4D6125CB48780068F211 /* Lab4.app */,
				F3BD4D7225CB48790068F211 /* Lab4Tests.xctest */,
				F3BD4D7D25CB48790068F211 /* Lab4UITests.xctest */,
			);
			name = Products;
			sourceTree = "<group>";
		};
		F3BD4D6325CB48780068F211 /* Lab4 */ = {
			isa = PBXGroup;
			children = (
				F3BD4D6425CB48780068F211 /* Lab4App.swift */,
				F3BD4D6625CB48780068F211 /* ContentView.swift */,
				F3BD4D6825CB48790068F211 /* Assets.xcassets */,
				F3BD4D6D25CB48790068F211 /* Info.plist */,
				F3BD4D6A25CB48790068F211 /* Preview Content */,
			);
			path = Lab4;
			sourceTree = "<group>";
		};
		F3BD4D6A25CB48790068F211 /* Preview Content */ = {
			isa = PBXGroup;
			children = (
				F3BD4D6B25CB48790068F211 /* Preview Assets.xcassets */,
			);
			path = "Preview Content";
			sourceTree = "<group>";
		};
		F3BD4D7525CB48790068F211 /* Lab4Tests */ = {
			isa = PBXGroup;
			children = (
				F3BD4D7625CB48790068F211 /* Lab4Tests.swift */,
				F3BD4D7825CB48790068F211 /* Info.plist */,
			);
			path = Lab4Tests;
			sourceTree = "<group>";
		};
		F3BD4D8025CB48790068F211 /* Lab4UITests */ = {
			isa = PBXGroup;
			children = (
				F3BD4D8125CB48790068F211 /* Lab4UITests.swift */,
				F3BD4D8325CB48790068F211 /* Info.plist */,
			);
			path = Lab4UITests;
			sourceTree = "<group>";
		};
/* End PBXGroup section */

/* Begin PBXNativeTarget section */
		F3BD4D6025CB48780068F211 /* Lab4 */ = {
			isa = PBXNativeTarget;
			buildConfigurationList = F3BD4D8625CB48790068F211 /* Build configuration list for PBXNativeTarget "Lab4" */;
			buildPhases = (
				F3BD4D5D25CB48780068F211 /* Sources */,
				F3BD4D5E25CB48780068F211 /* Frameworks */,
				F3BD4D5F25CB48780068F211 /* Resources */,
			);
			buildRules = (
			);
			dependencies = (
			);
			name = Lab4;
			productName = Lab4;
			productReference = F3BD4D6125CB48780068F211 /* Lab4.app */;
			productType = "com.apple.product-type.application";
		};
		F3BD4D7125CB48790068F211 /* Lab4Tests */ = {
			isa = PBXNativeTarget;
			buildConfigurationList = F3BD4D8925CB48790068F211 /* Build configuration list for PBXNativeTarget "Lab4Tests" */;
			buildPhases = (
				F3BD4D6E25CB48790068F211 /* Sources */,
				F3BD4D6F25CB48790068F211 /* Frameworks */,
				F3BD4D7025CB48790068F211 /* Resources */,
			);
			buildRules = (
			);
			dependencies = (
				F3BD4D7425CB48790068F211 /* PBXTargetDependency */,
			);
			name = Lab4Tests;
			productName = Lab4Tests;
			productReference = F3BD4D7225CB48790068F211 /* Lab4Tests.xctest */;
			productType = "com.apple.product-type.bundle.unit-test";
		};
		F3BD4D7C25CB48790068F211 /* Lab4UITests */ = {
			isa = PBXNativeTarget;
			buildConfigurationList = F3BD4D8C25CB48790068F211 /* Build configuration list for PBXNativeTarget "Lab4UITests" */;
			buildPhases = (
				F3BD4D7925CB48790068F211 /* Sources */,
				F3BD4D7A25CB48790068F211 /* Frameworks */,
				F3BD4D7B25CB48790068F211 /* Resources */,
			);
			buildRules = (
			);
			dependencies = (
				F3BD4D7F25CB48790068F211 /* PBXTargetDependency */,
			);
			name = Lab4UITests;
			productName = Lab4UITests;
			productReference = F3BD4D7D25CB48790068F211 /* Lab4UITests.xctest */;
			productType = "com.apple.product-type.bundle.ui-testing";
		};
/* End PBXNativeTarget section */

/* Begin PBXProject section */
		F3BD4D5925CB48780068F211 /* Project object */ = {
			isa = PBXProject;
			attributes = {
				LastSwiftUpdateCheck = 1230;
				LastUpgradeCheck = 1230;
				TargetAttributes = {
					F3BD4D6025CB48780068F211 = {
						CreatedOnToolsVersion = 12.3;
					};
					F3BD4D7125CB48790068F211 = {
						CreatedOnToolsVersion = 12.3;
						TestTargetID = F3BD4D6025CB48780068F211;
					};
					F3BD4D7C25CB48790068F211 = {
						CreatedOnToolsVersion = 12.3;
						TestTargetID = F3BD4D6025CB48780068F211;
					};
				};
			};
			buildConfigurationList = F3BD4D5C25CB48780068F211 /* Build configuration list for PBXProject "Lab4" */;
			compatibilityVersion = "Xcode 9.3";
			developmentRegion = en;
			hasScannedForEncodings = 0;
			knownRegions = (
				en,
				Base,
			);
			mainGroup = F3BD4D5825CB48780068F211;
			productRefGroup = F3BD4D6225CB48780068F211 /* Products */;
			projectDirPath = "";
			projectRoot = "";
			targets = (
				F3BD4D6025CB48780068F211 /* Lab4 */,
				F3BD4D7125CB48790068F211 /* Lab4Tests */,
				F3BD4D7C25CB48790068F211 /* Lab4UITests */,
			);
		};
/* End PBXProject section */

/* Begin PBXResourcesBuildPhase section */
		F3BD4D5F25CB48780068F211 /* Resources */ = {
			isa = PBXResourcesBuildPhase;
			buildActionMask = 2147483647;
			files = (
				F3BD4D6C25CB48790068F211 /* Preview Assets.xcassets in Resources */,
				F3BD4D6925CB48790068F211 /* Assets.xcassets in Resources */,
			);
			runOnlyForDeploymentPostprocessing = 0;
		};
		F3BD4D7025CB48790068F211 /* Resources */ = {
			isa = PBXResourcesBuildPhase;
			buildActionMask = 2147483647;
			files = (
			);
			runOnlyForDeploymentPostprocessing = 0;
		};
		F3BD4D7B25CB48790068F211 /* Resources */ = {
			isa = PBXResourcesBuildPhase;
			buildActionMask = 2147483647;
			files = (
			);
			runOnlyForDeploymentPostprocessing = 0;
		};
/* End PBXResourcesBuildPhase section */

/* Begin PBXSourcesBuildPhase section */
		F3BD4D5D25CB48780068F211 /* Sources */ = {
			isa = PBXSourcesBuildPhase;
			buildActionMask = 2147483647;
			files = (
				F3BD4D6725CB48780068F211 /* ContentView.swift in Sources */,
				F3BD4D6525CB48780068F211 /* Lab4App.swift in Sources */,
			);
			runOnlyForDeploymentPostprocessing = 0;
		};
		F3BD4D6E25CB48790068F211 /* Sources */ = {
			isa = PBXSourcesBuildPhase;
			buildActionMask = 2147483647;
			files = (
				F3BD4D7725CB48790068F211 /* Lab4Tests.swift in Sources */,
			);
			runOnlyForDeploymentPostprocessing = 0;
		};
		F3BD4D7925CB48790068F211 /* Sources */ = {
			isa = PBXSourcesBuildPhase;
			buildActionMask = 2147483647;
			files = (
				F3BD4D8225CB48790068F211 /* Lab4UITests.swift in Sources */,
			);
			runOnlyForDeploymentPostprocessing = 0;
		};
/* End PBXSourcesBuildPhase section */

/* Begin PBXTargetDependency section */
		F3BD4D7425CB48790068F211 /* PBXTargetDependency */ = {
			isa = PBXTargetDependency;
			target = F3BD4D6025CB48780068F211 /* Lab4 */;
			targetProxy = F3BD4D7325CB48790068F211 /* PBXContainerItemProxy */;
		};
		F3BD4D7F25CB48790068F211 /* PBXTargetDependency */ = {
			isa = PBXTargetDependency;
			target = F3BD4D6025CB48780068F211 /* Lab4 */;
			targetProxy = F3BD4D7E25CB48790068F211 /* PBXContainerItemProxy */;
		};
/* End PBXTargetDependency section */

/* Begin XCBuildConfiguration section */
		F3BD4D8425CB48790068F211 /* Debug */ = {
			isa = XCBuildConfiguration;
			buildSettings = {
				ALWAYS_SEARCH_USER_PATHS = NO;
				CLANG_ANALYZER_NONNULL = YES;
				CLANG_ANALYZER_NUMBER_OBJECT_CONVERSION = YES_AGGRESSIVE;
				CLANG_CXX_LANGUAGE_STANDARD = "gnu++14";
				CLANG_CXX_LIBRARY = "libc++";
				CLANG_ENABLE_MODULES = YES;
				CLANG_ENABLE_OBJC_ARC = YES;
				CLANG_ENABLE_OBJC_WEAK = YES;
				CLANG_WARN_BLOCK_CAPTURE_AUTORELEASING = YES;
				CLANG_WARN_BOOL_CONVERSION = YES;
				CLANG_WARN_COMMA = YES;
				CLANG_WARN_CONSTANT_CONVERSION = YES;
				CLANG_WARN_DEPRECATED_OBJC_IMPLEMENTATIONS = YES;
				CLANG_WARN_DIRECT_OBJC_ISA_USAGE = YES_ERROR;
				CLANG_WARN_DOCUMENTATION_COMMENTS = YES;
				CLANG_WARN_EMPTY_BODY = YES;
				CLANG_WARN_ENUM_CONVERSION = YES;
				CLANG_WARN_INFINITE_RECURSION = YES;
				CLANG_WARN_INT_CONVERSION = YES;
				CLANG_WARN_NON_LITERAL_NULL_CONVERSION = YES;
				CLANG_WARN_OBJC_IMPLICIT_RETAIN_SELF = YES;
				CLANG_WARN_OBJC_LITERAL_CONVERSION = YES;
				CLANG_WARN_OBJC_ROOT_CLASS = YES_ERROR;
				CLANG_WARN_QUOTED_INCLUDE_IN_FRAMEWORK_HEADER = YES;
				CLANG_WARN_RANGE_LOOP_ANALYSIS = YES;
				CLANG_WARN_STRICT_PROTOTYPES = YES;
				CLANG_WARN_SUSPICIOUS_MOVE = YES;
				CLANG_WARN_UNGUARDED_AVAILABILITY = YES_AGGRESSIVE;
				CLANG_WARN_UNREACHABLE_CODE = YES;
				CLANG_WARN__DUPLICATE_METHOD_MATCH = YES;
				COPY_PHASE_STRIP = NO;
				DEBUG_INFORMATION_FORMAT = dwarf;
				ENABLE_STRICT_OBJC_MSGSEND = YES;
				ENABLE_TESTABILITY = YES;
				GCC_C_LANGUAGE_STANDARD = gnu11;
				GCC_DYNAMIC_NO_PIC = NO;
				GCC_NO_COMMON_BLOCKS = YES;
				GCC_OPTIMIZATION_LEVEL = 0;
				GCC_PREPROCESSOR_DEFINITIONS = (
					"DEBUG=1",
					"$(inherited)",
				);
				GCC_WARN_64_TO_32_BIT_CONVERSION = YES;
				GCC_WARN_ABOUT_RETURN_TYPE = YES_ERROR;
				GCC_WARN_UNDECLARED_SELECTOR = YES;
				GCC_WARN_UNINITIALIZED_AUTOS = YES_AGGRESSIVE;
				GCC_WARN_UNUSED_FUNCTION = YES;
				GCC_WARN_UNUSED_VARIABLE = YES;
				IPHONEOS_DEPLOYMENT_TARGET = 14.3;
				MTL_ENABLE_DEBUG_INFO = INCLUDE_SOURCE;
				MTL_FAST_MATH = YES;
				ONLY_ACTIVE_ARCH = YES;
				SDKROOT = iphoneos;
				SWIFT_ACTIVE_COMPILATION_CONDITIONS = DEBUG;
				SWIFT_OPTIMIZATION_LEVEL = "-Onone";
			};
			name = Debug;
		};
		F3BD4D8525CB48790068F211 /* Release */ = {
			isa = XCBuildConfiguration;
			buildSettings = {
				ALWAYS_SEARCH_USER_PATHS = NO;
				CLANG_ANALYZER_NONNULL = YES;
				CLANG_ANALYZER_NUMBER_OBJECT_CONVERSION = YES_AGGRESSIVE;
				CLANG_CXX_LANGUAGE_STANDARD = "gnu++14";
				CLANG_CXX_LIBRARY = "libc++";
				CLANG_ENABLE_MODULES = YES;
				CLANG_ENABLE_OBJC_ARC = YES;
				CLANG_ENABLE_OBJC_WEAK = YES;
				CLANG_WARN_BLOCK_CAPTURE_AUTORELEASING = YES;
				CLANG_WARN_BOOL_CONVERSION = YES;
				CLANG_WARN_COMMA = YES;
				CLANG_WARN_CONSTANT_CONVERSION = YES;
				CLANG_WARN_DEPRECATED_OBJC_IMPLEMENTATIONS = YES;
				CLANG_WARN_DIRECT_OBJC_ISA_USAGE = YES_ERROR;
				CLANG_WARN_DOCUMENTATION_COMMENTS = YES;
				CLANG_WARN_EMPTY_BODY = YES;
				CLANG_WARN_ENUM_CONVERSION = YES;
				CLANG_WARN_INFINITE_RECURSION = YES;
				CLANG_WARN_INT_CONVERSION = YES;
				CLANG_WARN_NON_LITERAL_NULL_CONVERSION = YES;
				CLANG_WARN_OBJC_IMPLICIT_RETAIN_SELF = YES;
				CLANG_WARN_OBJC_LITERAL_CONVERSION = YES;
				CLANG_WARN_OBJC_ROOT_CLASS = YES_ERROR;
				CLANG_WARN_QUOTED_INCLUDE_IN_FRAMEWORK_HEADER = YES;
				CLANG_WARN_RANGE_LOOP_ANALYSIS = YES;
				CLANG_WARN_STRICT_PROTOTYPES = YES;
				CLANG_WARN_SUSPICIOUS_MOVE = YES;
				CLANG_WARN_UNGUARDED_AVAILABILITY = YES_AGGRESSIVE;
				CLANG_WARN_UNREACHABLE_CODE = YES;
				CLANG_WARN__DUPLICATE_METHOD_MATCH = YES;
				COPY_PHASE_STRIP = NO;
				DEBUG_INFORMATION_FORMAT = "dwarf-with-dsym";
				ENABLE_NS_ASSERTIONS = NO;
				ENABLE_STRICT_OBJC_MSGSEND = YES;
				GCC_C_LANGUAGE_STANDARD = gnu11;
				GCC_NO_COMMON_BLOCKS = YES;
				GCC_WARN_64_TO_32_BIT_CONVERSION = YES;
				GCC_WARN_ABOUT_RETURN_TYPE = YES_ERROR;
				GCC_WARN_UNDECLARED_SELECTOR = YES;
				GCC_WARN_UNINITIALIZED_AUTOS = YES_AGGRESSIVE;
				GCC_WARN_UNUSED_FUNCTION = YES;
				GCC_WARN_UNUSED_VARIABLE = YES;
				IPHONEOS_DEPLOYMENT_TARGET = 14.3;
				MTL_ENABLE_DEBUG_INFO = NO;
				MTL_FAST_MATH = YES;
				SDKROOT = iphoneos;
				SWIFT_COMPILATION_MODE = wholemodule;
				SWIFT_OPTIMIZATION_LEVEL = "-O";
				VALIDATE_PRODUCT = YES;
			};
			name = Release;
		};
		F3BD4D8725CB48790068F211 /* Debug */ = {
			isa = XCBuildConfiguration;
			buildSettings = {
				ASSETCATALOG_COMPILER_APPICON_NAME = AppIcon;
				ASSETCATALOG_COMPILER_GLOBAL_ACCENT_COLOR_NAME = AccentColor;
				CODE_SIGN_STYLE = Automatic;
				DEVELOPMENT_ASSET_PATHS = "\"Lab4/Preview Content\"";
				DEVELOPMENT_TEAM = TAUDJ9FV8G;
				ENABLE_PREVIEWS = YES;
				INFOPLIST_FILE = Lab4/Info.plist;
				IPHONEOS_DEPLOYMENT_TARGET = 14.0;
				LD_RUNPATH_SEARCH_PATHS = (
					"$(inherited)",
					"@executable_path/Frameworks",
				);
				PRODUCT_BUNDLE_IDENTIFIER = "loooshius-ICS224.Lab4";
				PRODUCT_NAME = "$(TARGET_NAME)";
				SWIFT_VERSION = 5.0;
				TARGETED_DEVICE_FAMILY = "1,2";
			};
			name = Debug;
		};
		F3BD4D8825CB48790068F211 /* Release */ = {
			isa = XCBuildConfiguration;
			buildSettings = {
				ASSETCATALOG_COMPILER_APPICON_NAME = AppIcon;
				ASSETCATALOG_COMPILER_GLOBAL_ACCENT_COLOR_NAME = AccentColor;
				CODE_SIGN_STYLE = Automatic;
				DEVELOPMENT_ASSET_PATHS = "\"Lab4/Preview Content\"";
				DEVELOPMENT_TEAM = TAUDJ9FV8G;
				ENABLE_PREVIEWS = YES;
				INFOPLIST_FILE = Lab4/Info.plist;
				IPHONEOS_DEPLOYMENT_TARGET = 14.0;
				LD_RUNPATH_SEARCH_PATHS = (
					"$(inherited)",
					"@executable_path/Frameworks",
				);
				PRODUCT_BUNDLE_IDENTIFIER = "loooshius-ICS224.Lab4";
				PRODUCT_NAME = "$(TARGET_NAME)";
				SWIFT_VERSION = 5.0;
				TARGETED_DEVICE_FAMILY = "1,2";
			};
			name = Release;
		};
		F3BD4D8A25CB48790068F211 /* Debug */ = {
			isa = XCBuildConfiguration;
			buildSettings = {
				ALWAYS_EMBED_SWIFT_STANDARD_LIBRARIES = YES;
				BUNDLE_LOADER = "$(TEST_HOST)";
				CODE_SIGN_STYLE = Automatic;
				DEVELOPMENT_TEAM = TAUDJ9FV8G;
				INFOPLIST_FILE = Lab4Tests/Info.plist;
				IPHONEOS_DEPLOYMENT_TARGET = 14.0;
				LD_RUNPATH_SEARCH_PATHS = (
					"$(inherited)",
					"@executable_path/Frameworks",
					"@loader_path/Frameworks",
				);
				PRODUCT_BUNDLE_IDENTIFIER = "loooshius-ICS224.Lab4Tests";
				PRODUCT_NAME = "$(TARGET_NAME)";
				SWIFT_VERSION = 5.0;
				TARGETED_DEVICE_FAMILY = "1,2";
				TEST_HOST = "$(BUILT_PRODUCTS_DIR)/Lab4.app/Lab4";
			};
			name = Debug;
		};
		F3BD4D8B25CB48790068F211 /* Release */ = {
			isa = XCBuildConfiguration;
			buildSettings = {
				ALWAYS_EMBED_SWIFT_STANDARD_LIBRARIES = YES;
				BUNDLE_LOADER = "$(TEST_HOST)";
				CODE_SIGN_STYLE = Automatic;
				DEVELOPMENT_TEAM = TAUDJ9FV8G;
				INFOPLIST_FILE = Lab4Tests/Info.plist;
				IPHONEOS_DEPLOYMENT_TARGET = 14.0;
				LD_RUNPATH_SEARCH_PATHS = (
					"$(inherited)",
					"@executable_path/Frameworks",
					"@loader_path/Frameworks",
				);
				PRODUCT_BUNDLE_IDENTIFIER = "loooshius-ICS224.Lab4Tests";
				PRODUCT_NAME = "$(TARGET_NAME)";
				SWIFT_VERSION = 5.0;
				TARGETED_DEVICE_FAMILY = "1,2";
				TEST_HOST = "$(BUILT_PRODUCTS_DIR)/Lab4.app/Lab4";
			};
			name = Release;
		};
		F3BD4D8D25CB48790068F211 /* Debug */ = {
			isa = XCBuildConfiguration;
			buildSettings = {
				ALWAYS_EMBED_SWIFT_STANDARD_LIBRARIES = YES;
				CODE_SIGN_STYLE = Automatic;
				DEVELOPMENT_TEAM = TAUDJ9FV8G;
				INFOPLIST_FILE = Lab4UITests/Info.plist;
				LD_RUNPATH_SEARCH_PATHS = (
					"$(inherited)",
					"@executable_path/Frameworks",
					"@loader_path/Frameworks",
				);
				PRODUCT_BUNDLE_IDENTIFIER = "loooshius-ICS224.Lab4UITests";
				PRODUCT_NAME = "$(TARGET_NAME)";
				SWIFT_VERSION = 5.0;
				TARGETED_DEVICE_FAMILY = "1,2";
				TEST_TARGET_NAME = Lab4;
			};
			name = Debug;
		};
		F3BD4D8E25CB48790068F211 /* Release */ = {
			isa = XCBuildConfiguration;
			buildSettings = {
				ALWAYS_EMBED_SWIFT_STANDARD_LIBRARIES = YES;
				CODE_SIGN_STYLE = Automatic;
				DEVELOPMENT_TEAM = TAUDJ9FV8G;
				INFOPLIST_FILE = Lab4UITests/Info.plist;
				LD_RUNPATH_SEARCH_PATHS = (
					"$(inherited)",
					"@executable_path/Frameworks",
					"@loader_path/Frameworks",
				);
				PRODUCT_BUNDLE_IDENTIFIER = "loooshius-ICS224.Lab4UITests";
				PRODUCT_NAME = "$(TARGET_NAME)";
				SWIFT_VERSION = 5.0;
				TARGETED_DEVICE_FAMILY = "1,2";
				TEST_TARGET_NAME = Lab4;
			};
			name = Release;
		};
/* End XCBuildConfiguration section */

/* Begin XCConfigurationList section */
		F3BD4D5C25CB48780068F211 /* Build configuration list for PBXProject "Lab4" */ = {
			isa = XCConfigurationList;
			buildConfigurations = (
				F3BD4D8425CB48790068F211 /* Debug */,
				F3BD4D8525CB48790068F211 /* Release */,
			);
			defaultConfigurationIsVisible = 0;
			defaultConfigurationName = Release;
		};
		F3BD4D8625CB48790068F211 /* Build configuration list for PBXNativeTarget "Lab4" */ = {
			isa = XCConfigurationList;
			buildConfigurations = (
				F3BD4D8725CB48790068F211 /* Debug */,
				F3BD4D8825CB48790068F211 /* Release */,
			);
			defaultConfigurationIsVisible = 0;
			defaultConfigurationName = Release;
		};
		F3BD4D8925CB48790068F211 /* Build configuration list for PBXNativeTarget "Lab4Tests" */ = {
			isa = XCConfigurationList;
			buildConfigurations = (
				F3BD4D8A25CB48790068F211 /* Debug */,
				F3BD4D8B25CB48790068F211 /* Release */,
			);
			defaultConfigurationIsVisible = 0;
			defaultConfigurationName = Release;
		};
		F3BD4D8C25CB48790068F211 /* Build configuration list for PBXNativeTarget "Lab4UITests" */ = {
			isa = XCConfigurationList;
			buildConfigurations = (
				F3BD4D8D25CB48790068F211 /* Debug */,
				F3BD4D8E25CB48790068F211 /* Release */,
			);
			defaultConfigurationIsVisible = 0;
			defaultConfigurationName = Release;
		};
/* End XCConfigurationList section */
	};
	rootObject = F3BD4D5925CB48780068F211 /* Project object */;
}
